
Microsoft Visual Studio Solution File, Format Version 12.00
# Visual Studio 15
VisualStudioVersion = 15.0.26403.3
MinimumVisualStudioVersion = 10.0.40219.1
Project("{2150E333-8FDC-42A3-9474-1A3956D46DE8}") = "Solution Items", "Solution Items", "{07DCAECA-F534-412B-AAE2-153BEB288C13}"
	ProjectSection(SolutionItems) = preProject
		License.txt = License.txt
		Readme.md = Readme.md
	EndProjectSection
EndProject
Project("{FAE04EC0-301F-11D3-BF4B-00C04F79EFBC}") = "WpfExtensions", "WpfExtensions\WpfExtensions.csproj", "{9B309BC5-C296-43C1-AB54-0B83978023B5}"
EndProject
Project("{FAE04EC0-301F-11D3-BF4B-00C04F79EFBC}") = "Tests", "Tests\Tests.csproj", "{490F8FB7-82F4-489C-9F1E-73BB303074B7}"
EndProject
Global
	GlobalSection(SolutionConfigurationPlatforms) = preSolution
		Debug|Any CPU = Debug|Any CPU
		Release|Any CPU = Release|Any CPU
	EndGlobalSection
	GlobalSection(ProjectConfigurationPlatforms) = postSolution
		{9B309BC5-C296-43C1-AB54-0B83978023B5}.Debug|Any CPU.ActiveCfg = Debug|Any CPU
		{9B309BC5-C296-43C1-AB54-0B83978023B5}.Debug|Any CPU.Build.0 = Debug|Any CPU
		{9B309BC5-C296-43C1-AB54-0B83978023B5}.Release|Any CPU.ActiveCfg = Release|Any CPU
		{9B309BC5-C296-43C1-AB54-0B83978023B5}.Release|Any CPU.Build.0 = Release|Any CPU
		{490F8FB7-82F4-489C-9F1E-73BB303074B7}.Debug|Any CPU.ActiveCfg = Debug|Any CPU
		{490F8FB7-82F4-489C-9F1E-73BB303074B7}.Debug|Any CPU.Build.0 = Debug|Any CPU
		{490F8FB7-82F4-489C-9F1E-73BB303074B7}.Release|Any CPU.ActiveCfg = Release|Any CPU
		{490F8FB7-82F4-489C-9F1E-73BB303074B7}.Release|Any CPU.Build.0 = Release|Any CPU
	EndGlobalSection
	GlobalSection(SolutionProperties) = preSolution
		HideSolutionNode = FALSE
	EndGlobalSection
EndGlobal
